
Microsoft Visual Studio Solution File, Format Version 12.00
# Visual Studio Version 16
VisualStudioVersion = 16.0.31205.134
MinimumVisualStudioVersion = 10.0.40219.1
Project("{FAE04EC0-301F-11D3-BF4B-00C04F79EFBC}") = "DoToo.UWP", "DoToo\DoToo.UWP\DoToo.UWP.csproj", "{85A6A8ED-5C6C-4517-B78F-37D8EC5BCA37}"
EndProject
Project("{FAE04EC0-301F-11D3-BF4B-00C04F79EFBC}") = "DoToo.Android", "DoToo\DoToo.Android\DoToo.Android.csproj", "{4759C2C1-29B2-4B6B-80D8-8454B88804A5}"
EndProject
Project("{FAE04EC0-301F-11D3-BF4B-00C04F79EFBC}") = "DoToo.iOS", "DoToo\DoToo.iOS\DoToo.iOS.csproj", "{29EA995A-7870-4F0D-9D46-073181848257}"
EndProject
Project("{FAE04EC0-301F-11D3-BF4B-00C04F79EFBC}") = "DoToo", "DoToo\DoToo\DoToo.csproj", "{5412503F-DB47-4D10-9E05-54FBAD1819CD}"
EndProject
Global
	GlobalSection(SolutionConfigurationPlatforms) = preSolution
		Debug|Any CPU = Debug|Any CPU
		Debug|ARM = Debug|ARM
		Debug|iPhone = Debug|iPhone
		Debug|iPhoneSimulator = Debug|iPhoneSimulator
		Debug|x64 = Debug|x64
		Debug|x86 = Debug|x86
		Release|Any CPU = Release|Any CPU
		Release|ARM = Release|ARM
		Release|iPhone = Release|iPhone
		Release|iPhoneSimulator = Release|iPhoneSimulator
		Release|x64 = Release|x64
		Release|x86 = Release|x86
	EndGlobalSection
	GlobalSection(ProjectConfigurationPlatforms) = postSolution
		{85A6A8ED-5C6C-4517-B78F-37D8EC5BCA37}.Debug|Any CPU.ActiveCfg = Debug|x86
		{85A6A8ED-5C6C-4517-B78F-37D8EC5BCA37}.Debug|Any CPU.Build.0 = Debug|x86
		{85A6A8ED-5C6C-4517-B78F-37D8EC5BCA37}.Debug|Any CPU.Deploy.0 = Debug|x86
		{85A6A8ED-5C6C-4517-B78F-37D8EC5BCA37}.Debug|ARM.ActiveCfg = Debug|ARM
		{85A6A8ED-5C6C-4517-B78F-37D8EC5BCA37}.Debug|ARM.Build.0 = Debug|ARM
		{85A6A8ED-5C6C-4517-B78F-37D8EC5BCA37}.Debug|ARM.Deploy.0 = Debug|ARM
		{85A6A8ED-5C6C-4517-B78F-37D8EC5BCA37}.Debug|iPhone.ActiveCfg = Debug|x86
		{85A6A8ED-5C6C-4517-B78F-37D8EC5BCA37}.Debug|iPhone.Build.0 = Debug|x86
		{85A6A8ED-5C6C-4517-B78F-37D8EC5BCA37}.Debug|iPhone.Deploy.0 = Debug|x86
		{85A6A8ED-5C6C-4517-B78F-37D8EC5BCA37}.Debug|iPhoneSimulator.ActiveCfg = Debug|x86
		{85A6A8ED-5C6C-4517-B78F-37D8EC5BCA37}.Debug|iPhoneSimulator.Build.0 = Debug|x86
		{85A6A8ED-5C6C-4517-B78F-37D8EC5BCA37}.Debug|iPhoneSimulator.Deploy.0 = Debug|x86
		{85A6A8ED-5C6C-4517-B78F-37D8EC5BCA37}.Debug|x64.ActiveCfg = Debug|x64
		{85A6A8ED-5C6C-4517-B78F-37D8EC5BCA37}.Debug|x64.Build.0 = Debug|x64
		{85A6A8ED-5C6C-4517-B78F-37D8EC5BCA37}.Debug|x64.Deploy.0 = Debug|x64
		{85A6A8ED-5C6C-4517-B78F-37D8EC5BCA37}.Debug|x86.ActiveCfg = Debug|x86
		{85A6A8ED-5C6C-4517-B78F-37D8EC5BCA37}.Debug|x86.Build.0 = Debug|x86
		{85A6A8ED-5C6C-4517-B78F-37D8EC5BCA37}.Debug|x86.Deploy.0 = Debug|x86
		{85A6A8ED-5C6C-4517-B78F-37D8EC5BCA37}.Release|Any CPU.ActiveCfg = Release|x86
		{85A6A8ED-5C6C-4517-B78F-37D8EC5BCA37}.Release|Any CPU.Build.0 = Release|x86
		{85A6A8ED-5C6C-4517-B78F-37D8EC5BCA37}.Release|Any CPU.Deploy.0 = Release|x86
		{85A6A8ED-5C6C-4517-B78F-37D8EC5BCA37}.Release|ARM.ActiveCfg = Release|ARM
		{85A6A8ED-5C6C-4517-B78F-37D8EC5BCA37}.Release|ARM.Build.0 = Release|ARM
		{85A6A8ED-5C6C-4517-B78F-37D8EC5BCA37}.Release|ARM.Deploy.0 = Release|ARM
		{85A6A8ED-5C6C-4517-B78F-37D8EC5BCA37}.Release|iPhone.ActiveCfg = Release|x86
		{85A6A8ED-5C6C-4517-B78F-37D8EC5BCA37}.Release|iPhone.Build.0 = Release|x86
		{85A6A8ED-5C6C-4517-B78F-37D8EC5BCA37}.Release|iPhone.Deploy.0 = Release|x86
		{85A6A8ED-5C6C-4517-B78F-37D8EC5BCA37}.Release|iPhoneSimulator.ActiveCfg = Release|x86
		{85A6A8ED-5C6C-4517-B78F-37D8EC5BCA37}.Release|iPhoneSimulator.Build.0 = Release|x86
		{85A6A8ED-5C6C-4517-B78F-37D8EC5BCA37}.Release|iPhoneSimulator.Deploy.0 = Release|x86
		{85A6A8ED-5C6C-4517-B78F-37D8EC5BCA37}.Release|x64.ActiveCfg = Release|x64
		{85A6A8ED-5C6C-4517-B78F-37D8EC5BCA37}.Release|x64.Build.0 = Release|x64
		{85A6A8ED-5C6C-4517-B78F-37D8EC5BCA37}.Release|x64.Deploy.0 = Release|x64
		{85A6A8ED-5C6C-4517-B78F-37D8EC5BCA37}.Release|x86.ActiveCfg = Release|x86
		{85A6A8ED-5C6C-4517-B78F-37D8EC5BCA37}.Release|x86.Build.0 = Release|x86
		{85A6A8ED-5C6C-4517-B78F-37D8EC5BCA37}.Release|x86.Deploy.0 = Release|x86
		{4759C2C1-29B2-4B6B-80D8-8454B88804A5}.Debug|Any CPU.ActiveCfg = Debug|Any CPU
		{4759C2C1-29B2-4B6B-80D8-8454B88804A5}.Debug|Any CPU.Build.0 = Debug|Any CPU
		{4759C2C1-29B2-4B6B-80D8-8454B88804A5}.Debug|Any CPU.Deploy.0 = Debug|Any CPU
		{4759C2C1-29B2-4B6B-80D8-8454B88804A5}.Debug|ARM.ActiveCfg = Debug|Any CPU
		{4759C2C1-29B2-4B6B-80D8-8454B88804A5}.Debug|ARM.Build.0 = Debug|Any CPU
		{4759C2C1-29B2-4B6B-80D8-8454B88804A5}.Debug|ARM.Deploy.0 = Debug|Any CPU
		{4759C2C1-29B2-4B6B-80D8-8454B88804A5}.Debug|iPhone.ActiveCfg = Debug|Any CPU
		{4759C2C1-29B2-4B6B-80D8-8454B88804A5}.Debug|iPhone.Build.0 = Debug|Any CPU
		{4759C2C1-29B2-4B6B-80D8-8454B88804A5}.Debug|iPhone.Deploy.0 = Debug|Any CPU
		{4759C2C1-29B2-4B6B-80D8-8454B88804A5}.Debug|iPhoneSimulator.ActiveCfg = Debug|Any CPU
		{4759C2C1-29B2-4B6B-80D8-8454B88804A5}.Debug|iPhoneSimulator.Build.0 = Debug|Any CPU
		{4759C2C1-29B2-4B6B-80D8-8454B88804A5}.Debug|iPhoneSimulator.Deploy.0 = Debug|Any CPU
		{4759C2C1-29B2-4B6B-80D8-8454B88804A5}.Debug|x64.ActiveCfg = Debug|Any CPU
		{4759C2C1-29B2-4B6B-80D8-8454B88804A5}.Debug|x64.Build.0 = Debug|Any CPU
		{4759C2C1-29B2-4B6B-80D8-8454B88804A5}.Debug|x64.Deploy.0 = Debug|Any CPU
		{4759C2C1-29B2-4B6B-80D8-8454B88804A5}.Debug|x86.ActiveCfg = Debug|Any CPU
		{4759C2C1-29B2-4B6B-80D8-8454B88804A5}.Debug|x86.Build.0 = Debug|Any CPU
		{4759C2C1-29B2-4B6B-80D8-8454B88804A5}.Debug|x86.Deploy.0 = Debug|Any CPU
		{4759C2C1-29B2-4B6B-80D8-8454B88804A5}.Release|Any CPU.ActiveCfg = Release|Any CPU
		{4759C2C1-29B2-4B6B-80D8-8454B88804A5}.Release|Any CPU.Build.0 = Release|Any CPU
		{4759C2C1-29B2-4B6B-80D8-8454B88804A5}.Release|Any CPU.Deploy.0 = Release|Any CPU
		{4759C2C1-29B2-4B6B-80D8-8454B88804A5}.Release|ARM.ActiveCfg = Release|Any CPU
		{4759C2C1-29B2-4B6B-80D8-8454B88804A5}.Release|ARM.Build.0 = Release|Any CPU
		{4759C2C1-29B2-4B6B-80D8-8454B88804A5}.Release|ARM.Deploy.0 = Release|Any CPU
		{4759C2C1-29B2-4B6B-80D8-8454B88804A5}.Release|iPhone.ActiveCfg = Release|Any CPU
		{4759C2C1-29B2-4B6B-80D8-8454B88804A5}.Release|iPhone.Build.0 = Release|Any CPU
		{4759C2C1-29B2-4B6B-80D8-8454B88804A5}.Release|iPhone.Deploy.0 = Release|Any CPU
		{4759C2C1-29B2-4B6B-80D8-8454B88804A5}.Release|iPhoneSimulator.ActiveCfg = Release|Any CPU
		{4759C2C1-29B2-4B6B-80D8-8454B88804A5}.Release|iPhoneSimulator.Build.0 = Release|Any CPU
		{4759C2C1-29B2-4B6B-80D8-8454B88804A5}.Release|iPhoneSimulator.Deploy.0 = Release|Any CPU
		{4759C2C1-29B2-4B6B-80D8-8454B88804A5}.Release|x64.ActiveCfg = Release|Any CPU
		{4759C2C1-29B2-4B6B-80D8-8454B88804A5}.Release|x64.Build.0 = Release|Any CPU
		{4759C2C1-29B2-4B6B-80D8-8454B88804A5}.Release|x64.Deploy.0 = Release|Any CPU
		{4759C2C1-29B2-4B6B-80D8-8454B88804A5}.Release|x86.ActiveCfg = Release|Any CPU
		{4759C2C1-29B2-4B6B-80D8-8454B88804A5}.Release|x86.Build.0 = Release|Any CPU
		{4759C2C1-29B2-4B6B-80D8-8454B88804A5}.Release|x86.Deploy.0 = Release|Any CPU
		{29EA995A-7870-4F0D-9D46-073181848257}.Debug|Any CPU.ActiveCfg = Debug|iPhoneSimulator
		{29EA995A-7870-4F0D-9D46-073181848257}.Debug|Any CPU.Build.0 = Debug|iPhoneSimulator
		{29EA995A-7870-4F0D-9D46-073181848257}.Debug|Any CPU.Deploy.0 = Debug|iPhoneSimulator
		{29EA995A-7870-4F0D-9D46-073181848257}.Debug|ARM.ActiveCfg = Debug|iPhone
		{29EA995A-7870-4F0D-9D46-073181848257}.Debug|ARM.Build.0 = Debug|iPhone
		{29EA995A-7870-4F0D-9D46-073181848257}.Debug|ARM.Deploy.0 = Debug|iPhone
		{29EA995A-7870-4F0D-9D46-073181848257}.Debug|iPhone.ActiveCfg = Debug|iPhone
		{29EA995A-7870-4F0D-9D46-073181848257}.Debug|iPhone.Build.0 = Debug|iPhone
		{29EA995A-7870-4F0D-9D46-073181848257}.Debug|iPhone.Deploy.0 = Debug|iPhone
		{29EA995A-7870-4F0D-9D46-073181848257}.Debug|iPhoneSimulator.ActiveCfg = Debug|iPhoneSimulator
		{29EA995A-7870-4F0D-9D46-073181848257}.Debug|iPhoneSimulator.Build.0 = Debug|iPhoneSimulator
		{29EA995A-7870-4F0D-9D46-073181848257}.Debug|iPhoneSimulator.Deploy.0 = Debug|iPhoneSimulator
		{29EA995A-7870-4F0D-9D46-073181848257}.Debug|x64.ActiveCfg = Debug|iPhoneSimulator
		{29EA995A-7870-4F0D-9D46-073181848257}.Debug|x64.Build.0 = Debug|iPhoneSimulator
		{29EA995A-7870-4F0D-9D46-073181848257}.Debug|x64.Deploy.0 = Debug|iPhoneSimulator
		{29EA995A-7870-4F0D-9D46-073181848257}.Debug|x86.ActiveCfg = Debug|iPhoneSimulator
		{29EA995A-7870-4F0D-9D46-073181848257}.Debug|x86.Build.0 = Debug|iPhoneSimulator
		{29EA995A-7870-4F0D-9D46-073181848257}.Debug|x86.Deploy.0 = Debug|iPhoneSimulator
		{29EA995A-7870-4F0D-9D46-073181848257}.Release|Any CPU.ActiveCfg = Release|iPhoneSimulator
		{29EA995A-7870-4F0D-9D46-073181848257}.Release|Any CPU.Build.0 = Release|iPhoneSimulator
		{29EA995A-7870-4F0D-9D46-073181848257}.Release|Any CPU.Deploy.0 = Release|iPhoneSimulator
		{29EA995A-7870-4F0D-9D46-073181848257}.Release|ARM.ActiveCfg = Release|iPhoneSimulator
		{29EA995A-7870-4F0D-9D46-073181848257}.Release|ARM.Build.0 = Release|iPhoneSimulator
		{29EA995A-7870-4F0D-9D46-073181848257}.Release|ARM.Deploy.0 = Release|iPhoneSimulator
		{29EA995A-7870-4F0D-9D46-073181848257}.Release|iPhone.ActiveCfg = Release|iPhone
		{29EA995A-7870-4F0D-9D46-073181848257}.Release|iPhone.Build.0 = Release|iPhone
		{29EA995A-7870-4F0D-9D46-073181848257}.Release|iPhone.Deploy.0 = Release|iPhone
		{29EA995A-7870-4F0D-9D46-073181848257}.Release|iPhoneSimulator.ActiveCfg = Release|iPhoneSimulator
		{29EA995A-7870-4F0D-9D46-073181848257}.Release|iPhoneSimulator.Build.0 = Release|iPhoneSimulator
		{29EA995A-7870-4F0D-9D46-073181848257}.Release|iPhoneSimulator.Deploy.0 = Release|iPhoneSimulator
		{29EA995A-7870-4F0D-9D46-073181848257}.Release|x64.ActiveCfg = Release|iPhoneSimulator
		{29EA995A-7870-4F0D-9D46-073181848257}.Release|x64.Build.0 = Release|iPhoneSimulator
		{29EA995A-7870-4F0D-9D46-073181848257}.Release|x64.Deploy.0 = Release|iPhoneSimulator
		{29EA995A-7870-4F0D-9D46-073181848257}.Release|x86.ActiveCfg = Release|iPhoneSimulator
		{29EA995A-7870-4F0D-9D46-073181848257}.Release|x86.Build.0 = Release|iPhoneSimulator
		{29EA995A-7870-4F0D-9D46-073181848257}.Release|x86.Deploy.0 = Release|iPhoneSimulator
		{5412503F-DB47-4D10-9E05-54FBAD1819CD}.Debug|Any CPU.ActiveCfg = Debug|Any CPU
		{5412503F-DB47-4D10-9E05-54FBAD1819CD}.Debug|Any CPU.Build.0 = Debug|Any CPU
		{5412503F-DB47-4D10-9E05-54FBAD1819CD}.Debug|Any CPU.Deploy.0 = Debug|Any CPU
		{5412503F-DB47-4D10-9E05-54FBAD1819CD}.Debug|ARM.ActiveCfg = Debug|Any CPU
		{5412503F-DB47-4D10-9E05-54FBAD1819CD}.Debug|ARM.Build.0 = Debug|Any CPU
		{5412503F-DB47-4D10-9E05-54FBAD1819CD}.Debug|ARM.Deploy.0 = Debug|Any CPU
		{5412503F-DB47-4D10-9E05-54FBAD1819CD}.Debug|iPhone.ActiveCfg = Debug|Any CPU
		{5412503F-DB47-4D10-9E05-54FBAD1819CD}.Debug|iPhone.Build.0 = Debug|Any CPU
		{5412503F-DB47-4D10-9E05-54FBAD1819CD}.Debug|iPhone.Deploy.0 = Debug|Any CPU
		{5412503F-DB47-4D10-9E05-54FBAD1819CD}.Debug|iPhoneSimulator.ActiveCfg = Debug|Any CPU
		{5412503F-DB47-4D10-9E05-54FBAD1819CD}.Debug|iPhoneSimulator.Build.0 = Debug|Any CPU
		{5412503F-DB47-4D10-9E05-54FBAD1819CD}.Debug|iPhoneSimulator.Deploy.0 = Debug|Any CPU
		{5412503F-DB47-4D10-9E05-54FBAD1819CD}.Debug|x64.ActiveCfg = Debug|Any CPU
		{5412503F-DB47-4D10-9E05-54FBAD1819CD}.Debug|x64.Build.0 = Debug|Any CPU
		{5412503F-DB47-4D10-9E05-54FBAD1819CD}.Debug|x64.Deploy.0 = Debug|Any CPU
		{5412503F-DB47-4D10-9E05-54FBAD1819CD}.Debug|x86.ActiveCfg = Debug|Any CPU
		{5412503F-DB47-4D10-9E05-54FBAD1819CD}.Debug|x86.Build.0 = Debug|Any CPU
		{5412503F-DB47-4D10-9E05-54FBAD1819CD}.Debug|x86.Deploy.0 = Debug|Any CPU
		{5412503F-DB47-4D10-9E05-54FBAD1819CD}.Release|Any CPU.ActiveCfg = Release|Any CPU
		{5412503F-DB47-4D10-9E05-54FBAD1819CD}.Release|Any CPU.Build.0 = Release|Any CPU
		{5412503F-DB47-4D10-9E05-54FBAD1819CD}.Release|Any CPU.Deploy.0 = Release|Any CPU
		{5412503F-DB47-4D10-9E05-54FBAD1819CD}.Release|ARM.ActiveCfg = Release|Any CPU
		{5412503F-DB47-4D10-9E05-54FBAD1819CD}.Release|ARM.Build.0 = Release|Any CPU
		{5412503F-DB47-4D10-9E05-54FBAD1819CD}.Release|ARM.Deploy.0 = Release|Any CPU
		{5412503F-DB47-4D10-9E05-54FBAD1819CD}.Release|iPhone.ActiveCfg = Release|Any CPU
		{5412503F-DB47-4D10-9E05-54FBAD1819CD}.Release|iPhone.Build.0 = Release|Any CPU
		{5412503F-DB47-4D10-9E05-54FBAD1819CD}.Release|iPhone.Deploy.0 = Release|Any CPU
		{5412503F-DB47-4D10-9E05-54FBAD1819CD}.Release|iPhoneSimulator.ActiveCfg = Release|Any CPU
		{5412503F-DB47-4D10-9E05-54FBAD1819CD}.Release|iPhoneSimulator.Build.0 = Release|Any CPU
		{5412503F-DB47-4D10-9E05-54FBAD1819CD}.Release|iPhoneSimulator.Deploy.0 = Release|Any CPU
		{5412503F-DB47-4D10-9E05-54FBAD1819CD}.Release|x64.ActiveCfg = Release|Any CPU
		{5412503F-DB47-4D10-9E05-54FBAD1819CD}.Release|x64.Build.0 = Release|Any CPU
		{5412503F-DB47-4D10-9E05-54FBAD1819CD}.Release|x64.Deploy.0 = Release|Any CPU
		{5412503F-DB47-4D10-9E05-54FBAD1819CD}.Release|x86.ActiveCfg = Release|Any CPU
		{5412503F-DB47-4D10-9E05-54FBAD1819CD}.Release|x86.Build.0 = Release|Any CPU
		{5412503F-DB47-4D10-9E05-54FBAD1819CD}.Release|x86.Deploy.0 = Release|Any CPU
	EndGlobalSection
	GlobalSection(SolutionProperties) = preSolution
		HideSolutionNode = FALSE
	EndGlobalSection
	GlobalSection(ExtensibilityGlobals) = postSolution
		SolutionGuid = {C9A4DD39-FB55-4FD4-BC88-A07C2701CE2E}
	EndGlobalSection
EndGlobal
